{
    "_meta": {
        "hash": {
            "sha256": "cb578bf07c9c6c40517a32924de70be9005b7a9de55e9439345343142a012212"
        },
        "pipfile-spec": 6,
        "requires": {
            "python_version": "3.9"
        },
        "sources": [
            {
                "name": "pypi",
                "url": "https://pypi.org/simple",
                "verify_ssl": true
            }
        ]
    },
    "default": {
        "attrs": {
            "hashes": [
                "sha256:29adc2665447e5191d0e7c568fde78b21f9672d344281d0c6e1ab085429b22b6",
                "sha256:86efa402f67bf2df34f51a335487cf46b1ec130d02b8d39fd248abfd30da551c"
            ],
            "markers": "python_version >= '3.5'",
            "version": "==22.1.0"
        },
        "build": {
            "hashes": [
                "sha256:19b0ed489f92ace6947698c3ca8436cb0556a66e2aa2d34cd70e2a5d27cd0437",
                "sha256:887a6d471c901b1a6e6574ebaeeebb45e5269a79d095fe9a8f88d6614ed2e5f0"
            ],
            "index": "pypi",
            "version": "==0.8.0"
        },
        "iniconfig": {
            "hashes": [
                "sha256:011e24c64b7f47f6ebd835bb12a743f2fbe9a26d4cecaa7f53bc4f35ee9da8b3",
                "sha256:bc3af051d7d14b2ee5ef9969666def0cd1a000e121eaea580d4a313df4b37f32"
            ],
            "version": "==1.1.1"
        },
        "packaging": {
            "hashes": [
                "sha256:dd47c42927d89ab911e606518907cc2d3a1f38bbd026385970643f9c5b8ecfeb",
                "sha256:ef103e05f519cdc783ae24ea4e2e0f508a9c99b2d4969652eed6a2e1ea5bd522"
            ],
            "markers": "python_version >= '3.6'",
            "version": "==21.3"
        },
        "pep517": {
            "hashes": [
                "sha256:4ba4446d80aed5b5eac6509ade100bff3e7943a8489de249654a5ae9b33ee35b",
                "sha256:ae69927c5c172be1add9203726d4b84cf3ebad1edcd5f71fcdc746e66e829f59"
            ],
            "markers": "python_version >= '3.6'",
            "version": "==0.13.0"
        },
        "pluggy": {
            "hashes": [
                "sha256:4224373bacce55f955a878bf9cfa763c1e360858e330072059e10bad68531159",
                "sha256:74134bbf457f031a36d68416e1509f34bd5ccc019f0bcc952c7b909d06b37bd3"
            ],
            "markers": "python_version >= '3.6'",
            "version": "==1.0.0"
        },
        "prompt-toolkit": {
            "hashes": [
                "sha256:62291dad495e665fca0bda814e342c69952086afb0f4094d0893d357e5c78752",
                "sha256:bd640f60e8cecd74f0dc249713d433ace2ddc62b65ee07f96d358e0b152b6ea7"
            ],
            "index": "pypi",
            "version": "==3.0.29"
        },
        "py": {
            "hashes": [
                "sha256:51c75c4126074b472f746a24399ad32f6053d1b34b68d2fa41e558e6f4a98719",
                "sha256:607c53218732647dff4acdfcd50cb62615cedf612e72d1724fb1a0cc6405b378"
            ],
            "markers": "python_version >= '2.7' and python_version not in '3.0, 3.1, 3.2, 3.3, 3.4'",
            "version": "==1.11.0"
        },
        "pydub": {
            "hashes": [
                "sha256:65617e33033874b59d87db603aa1ed450633288aefead953b30bded59cb599a6",
                "sha256:980a33ce9949cab2a569606b65674d748ecbca4f0796887fd6f46173a7b0d30f"
            ],
            "index": "pypi",
            "version": "==0.25.1"
        },
        "pygments": {
            "hashes": [
                "sha256:5eb116118f9612ff1ee89ac96437bb6b49e8f04d8a13b514ba26f620208e26eb",
                "sha256:dc9c10fb40944260f6ed4c688ece0cd2048414940f1cea51b8b226318411c519"
            ],
            "index": "pypi",
            "version": "==2.12.0"
        },
        "pyinquirer": {
            "hashes": [
                "sha256:55ee8198264d7f4eb61e677cd8932fa61f90746db8c9414977a6818a091b9d22",
                "sha256:762fa721535d89e1f82f42f617a002c8f6da3f723b094d253591cd74a28f0052"
            ],
            "index": "pypi",
            "version": "==1.0.0"
        },
        "pyparsing": {
            "hashes": [
                "sha256:2b020ecf7d21b687f219b71ecad3631f644a47f01403fa1d1036b0c6416d70fb",
                "sha256:5026bae9a10eeaefb61dab2f09052b9f4307d44aee4eda64b309723d8d206bbc"
            ],
            "markers": "python_full_version >= '3.6.8'",
            "version": "==3.0.9"
        },
        "pysimplegui": {
            "hashes": [
                "sha256:75ec46694dc975c0e46be8c57a774e038433b53095821d67be3b221aca3fd68d",
                "sha256:dc62d5722c0a46d709bc8706590b5d47593bd2ed8c1d306ecfee6c05fb6711f5"
            ],
            "index": "pypi",
            "version": "==4.60.3"
        },
        "pytest": {
            "hashes": [
                "sha256:13d0e3ccfc2b6e26be000cb6568c832ba67ba32e719443bfe725814d3c42433c",
                "sha256:a06a0425453864a270bc45e71f783330a7428defb4230fb5e6a731fde06ecd45"
            ],
            "markers": "python_version >= '3.7'",
            "version": "==7.1.2"
        },
        "pytest-mock": {
            "hashes": [
                "sha256:77f03f4554392558700295e05aed0b1096a20d4a60a4f3ddcde58b0c31c8fca2",
                "sha256:8a9e226d6c0ef09fcf20c94eb3405c388af438a90f3e39687f84166da82d5948"
            ],
            "index": "pypi",
            "version": "==3.8.2"
        },
        "regex": {
            "hashes": [
                "sha256:03cdd06061426378a83e8a5bdec9cc71b964c35e329f68fb7058d08791780c83",
                "sha256:03d7ff80e3a276ef460baaa745d425162c19d8ea093d60ecf47f52ffee37aea5",
                "sha256:0798f6b97c3f8139c95af7b128a60909f5305b2e431a012083063298b2481e5d",
                "sha256:1228f5a6be5b45ce7b66a69a77682632f0ce64cea1d7da505f33972e01f1f3fe",
                "sha256:14882770017436aabe4cfa2651a9777f9faa2625bc0f6cdaec362697a8a964c3",
                "sha256:15bc8cddffe3a9181572c6bcdf45b145691fff1b5712767e7d7a6ef5d32f424f",
                "sha256:1903a2a6c4463488452e953a49f7e6663cfea9ff5e75b09333cbcc840e727a5b",
                "sha256:1991348464df42a6bc04601e1241dfa4a9ec4d599338dc64760f2c299e1cb996",
                "sha256:1dee18c683a0603445ff9e77ffc39f1a3997f43ee07ae04ac80228fc5565fc4d",
                "sha256:26d6e9a6431626c20821d0165a4c4508acb20a57e4c04ee77c96f01b7fe4c09c",
                "sha256:39ed69803697f1e1e9f1fb1e0b5a8116c55c130745ecd39485cc6255d3b9f046",
                "sha256:3ef5a4ced251a501962d1c8797d15978dd97661721e337cbe88d8bcdb9cd0d56",
                "sha256:3ef700d411b900fcff91f1ef16771bf085a9f9a376d16d8a643e8a20ff6dcb7b",
                "sha256:3f3de4baf25e960a3048a6ecd0246cedcdfeb462a741d55e9a42e91add5a4a99",
                "sha256:42702dba0281bcafbcf194770ecb987d60854946071c622777e6d207b3c169bc",
                "sha256:438b36fbf9446b94325eaeeb1336e2291cd81daeef91b9c728c0946ffbc42ba4",
                "sha256:4433690ff474fd95a3058085aed5fe12ac4e09d4f4b2b983de35e3a6c899afa0",
                "sha256:454c2c81d34eb4e1d015acbca0488789c17fc84188e336365eaa31a16c964c04",
                "sha256:48018c71ce7b2fe80c1eb16b9104d7d04d07567e9333159810a4ae5ef8cdf01f",
                "sha256:4d4640ab9fd3659378eab2ee6f47c3e04b4a269bf206475652c6d8520a9301cc",
                "sha256:50497f3d8a1e8d8055c6da1768c98f5b618039e572aacdcccd642704db6077eb",
                "sha256:50dd20fd10dafd9b697f1c0629285790d86e66946caa2c6a1135f67846d9b495",
                "sha256:513be18bcf5f27076990dd111f72270d33188653e772023985be92a2c5438382",
                "sha256:535a2392a0f11f7df80f43e63a5b69c51bb29a10a690e4ae5ad721b9fe50684d",
                "sha256:55911aba9bae9ad826971d2c80428425625a3dd0c00b94e9bb19361888b983a6",
                "sha256:609a97626bf310e8cd7c79173e6ed8acab7f01ed4519b7936e998b54b3eb8d31",
                "sha256:730cc311757153d59bf2bcf06d4026e3c998c1919c06557ad0e382235049b376",
                "sha256:7378a6fba8a043b3c5fb8cf915044c814ebb2463b0a7137ec09ae0b1b10f5484",
                "sha256:750b5de7982e568c1bb60388dea1c3abd674d1d579b87ef1b945ba4da53eb5e2",
                "sha256:76696de39cbbbf976aa85cbd7b1f3ea2d98b3bc9889f6739fdb6cda85a7f05aa",
                "sha256:89f4c531409ef01aa12b7c15bb489415e219c186725d44bc12a8f279afde3fe2",
                "sha256:8d928237cf78cfe3b46b608f87e255c45a1e11d04e7dd2c49cb60200cbd6f987",
                "sha256:8e324436b7f8bbb8e7b3c4593b01d1dce7215befc83a60569ff34a38d6c250ae",
                "sha256:9163ef45bfebc39838848330cb94f79b563f738c60fc0a20a7f0a30f13ec1573",
                "sha256:91d2a85a4a134011eb517f2a752f4e488b0a4f6b6ad00ef247f9fac57f9ff4f0",
                "sha256:933752abc9931cb53eccbd4ab3aedbcd0f1797c0a1b19ed385952e265636b2b6",
                "sha256:9b8d411a547b47852020242f9c384da35d4c65ccf159ae55a3ba0e50b6220932",
                "sha256:9eec276e6419de4f93824f9373b28a2a8eaed04f28514000cc6a41b64703d804",
                "sha256:a06d6ada6bef79aaa550ef37c7d529da60b81c02838d9dd9c5ab788becfc57d4",
                "sha256:a0c38edcc78556625cbadf48eb87decd5d3c5e82fc4810dd22c19a5498d2329d",
                "sha256:a23653a18c1d69760a2d8b6793478815cf5dc8c12f3b6e608e50aed49829f0ef",
                "sha256:a2afa24d06301f4ffcb00244d30df1c12e65cabf30dcb0ba8b871d6b0c54d19e",
                "sha256:a60840ebd37fe0152b5be50b56e8a958e1430837475311986f867dabad1c7474",
                "sha256:ab950bbafafe9bf2e0a75b9f17291500fa7794f398834f1f4a71c18dddece130",
                "sha256:ae6cd6ce16681d345592d74a0a92b25a9530d4055be460af425e654d891cdee4",
                "sha256:af3d5c74af5ae5d04d597ea61e5e9e0b84e84509e58d1e52aaefbae81cb697bb",
                "sha256:b131c7c94da56f8f1c59b4540c37c20973119608ec8cf42b3ebb40a94f3afc2c",
                "sha256:b24133df3d3c57a901f6a63ba3783d6eed1d0561ed1cafd027f0789e76a10615",
                "sha256:b5f1e598b9b823fb37f2f1baf930bb5f30ae4a3d9b67dfdc63f8f2374f336679",
                "sha256:bbc0c5b350036ce49a8fd6015a29e4621de725fa99d9e985d3d76b820d44e5a9",
                "sha256:bd0883e86964cd61360ffc36dbebbc49b928e92a306f886eab02c11dfde5b7aa",
                "sha256:c942696b541ce6be4e3cc2c963b48671277b38ebd4a28af803b511b2885759b7",
                "sha256:cc018ce0f1b62df155a5b9c9a81464040a87e97fd9bd05e0febe92568c63e678",
                "sha256:ccf10d7d0f25a3c5e123c97ffbab8d4b1429a3c25fbd50812010075bd5d844fd",
                "sha256:d3ce546e54cfafa9dee60b11b7f99b87058d81ab62bd05e366fc5bf6b2c1383a",
                "sha256:dc49d9c6289df4c7895c85094872ef98ce7f609ba0ecbeb77acdd7f8362cda7d",
                "sha256:dd0b115c4fab388b1131c89518cdd98db38d88c55cedfffc71de33c92eeee9c6",
                "sha256:e0c12e5c14eeb5e484c688f2db57ca4a8182d09b40ab69f73147dc32bcdf849d",
                "sha256:e19695f7b8de8a3b7d940288abedf48dfcfc0cd8d36f360e5b1bc5e1c3f02a72",
                "sha256:e1b83baa19355c8dd0ec23e725f18450be01bc464ba1f1865cfada03594fa629",
                "sha256:e2c8f542c5afd36e60237dbbabc95722135047d4c2844b9c4bff74c7177a50a1",
                "sha256:e4a72f70ad7aa3df8244da55cf21e28b6f0640a8d8e0065dfa7ec477dd2b4ea4",
                "sha256:ea9f01224c25101c5f2c6dceebd29d1431525637d596241935640e4de0fbb822",
                "sha256:ed42feff196aaf262db1878d5ac553a3bcef147caf1362e7095f1115b71ae0e1",
                "sha256:f049a9fdacdbc4e84afcec7a3b14a8309699a7347c95a525d49c4b9a9c353cee",
                "sha256:f7329e66c6bd9950eb428f225db3982e5f54e53d3d95951da424dce9aa621eae",
                "sha256:f755fba215ddafa26211e33ac91b48dcebf84ff28590790e5b7711b46fa4095d",
                "sha256:f86be4e30cf2ffcd67845251c8549d70740cd6eec77bd38d977c4c0640eefc24",
                "sha256:f898bf0a9613cc8b7f7af6fdcd80cc8e7659787908834c63391f22271fdb1c14",
                "sha256:fac0dd2f11a165a79e271a04226378a008c83368031c6a9294a6df9cd1c13c05",
                "sha256:fbbf9858a3043f632c9da2a82e4ce895016dfb401f59ab110900121121ee73b7",
                "sha256:fddd2ef742f05a18fde1d1c74df12fa6f426945cfb6fefba3fa1c5380e2dd2bf",
                "sha256:fddd7ddd520661085ffd91f1db74b18e4cf5ed9b6e939aa7d31ca1ea67bc7621",
                "sha256:ff0e0c3a48c635529a1723d2fea9326da1dacdba5db20be1a4eeaf56580e3949"
            ],
            "markers": "python_version >= '3.6'",
            "version": "==2022.7.25"
        },
        "simpleaudio": {
            "hashes": [
                "sha256:05b63da515f5fc7c6f40e4d9673d22239c5e03e2bda200fc09fd21c185d73713",
                "sha256:67348e3d3ccbae73bd126beed7f1e242976889620dbc6974c36800cd286430fc",
                "sha256:691c88649243544db717e7edf6a9831df112104e1aefb5f6038a5d071e8cf41d",
                "sha256:86f1b0985629852afe67259ac6c24905ca731cb202a6e96b818865c56ced0c27",
                "sha256:f1a4fe3358429b2ea3181fd782e4c4fff5c123ca86ec7fc29e01ee9acd8a227a",
                "sha256:f346a4eac9cdbb1b3f3d0995095b7e86c12219964c022f4d920c22f6ca05fb4c",
                "sha256:f68820297ad51577e3a77369e7e9b23989d30d5ae923bf34c92cf983c04ade04"
            ],
            "index": "pypi",
            "version": "==1.0.4"
        },
        "tomli": {
            "hashes": [
                "sha256:939de3e7a6161af0c887ef91b7d41a53e7c5a1ca976325f429cb46ea9bc30ecc",
                "sha256:de526c12914f0c550d15924c62d72abc48d6fe7364aa87328337a31007fe8a4f"
            ],
            "markers": "python_version < '3.11'",
            "version": "==2.0.1"
        },
        "wcwidth": {
            "hashes": [
                "sha256:beb4802a9cebb9144e99086eff703a642a13d6a0052920003a230f3294bbe784",
                "sha256:c4d647b99872929fdb7bdcaa4fbe7f01413ed3d98077df798530e5b04f116c83"
            ],
            "version": "==0.2.5"
        }
    },
    "develop": {
        "attrs": {
            "hashes": [
                "sha256:29adc2665447e5191d0e7c568fde78b21f9672d344281d0c6e1ab085429b22b6",
                "sha256:86efa402f67bf2df34f51a335487cf46b1ec130d02b8d39fd248abfd30da551c"
            ],
            "markers": "python_version >= '3.5'",
            "version": "==22.1.0"
        },
        "black": {
            "hashes": [
                "sha256:074458dc2f6e0d3dab7928d4417bb6957bb834434516f21514138437accdbe90",
                "sha256:187d96c5e713f441a5829e77120c269b6514418f4513a390b0499b0987f2ff1c",
                "sha256:2ea29072e954a4d55a2ff58971b83365eba5d3d357352a07a7a4df0d95f51c78",
                "sha256:4af5bc0e1f96be5ae9bd7aaec219c901a94d6caa2484c21983d043371c733fc4",
                "sha256:560558527e52ce8afba936fcce93a7411ab40c7d5fe8c2463e279e843c0328ee",
                "sha256:568ac3c465b1c8b34b61cd7a4e349e93f91abf0f9371eda1cf87194663ab684e",
                "sha256:6797f58943fceb1c461fb572edbe828d811e719c24e03375fd25170ada53825e",
                "sha256:6c1734ab264b8f7929cef8ae5f900b85d579e6cbfde09d7387da8f04771b51c6",
                "sha256:6c6d39e28aed379aec40da1c65434c77d75e65bb59a1e1c283de545fb4e7c6c9",
                "sha256:7ba9be198ecca5031cd78745780d65a3f75a34b2ff9be5837045dce55db83d1c",
                "sha256:94783f636bca89f11eb5d50437e8e17fbc6a929a628d82304c80fa9cd945f256",
                "sha256:a218d7e5856f91d20f04e931b6f16d15356db1c846ee55f01bac297a705ca24f",
                "sha256:a3db5b6409b96d9bd543323b23ef32a1a2b06416d525d27e0f67e74f1446c8f2",
                "sha256:ac609cf8ef5e7115ddd07d85d988d074ed00e10fbc3445aee393e70164a2219c",
                "sha256:b154e6bbde1e79ea3260c4b40c0b7b3109ffcdf7bc4ebf8859169a6af72cd70b",
                "sha256:b270a168d69edb8b7ed32c193ef10fd27844e5c60852039599f9184460ce0807",
                "sha256:b9fd45787ba8aa3f5e0a0a98920c1012c884622c6c920dbe98dbd05bc7c70fbf",
                "sha256:c85928b9d5f83b23cee7d0efcb310172412fbf7cb9d9ce963bd67fd141781def",
                "sha256:c9a3ac16efe9ec7d7381ddebcc022119794872abce99475345c5a61aa18c45ad",
                "sha256:cfaf3895a9634e882bf9d2363fed5af8888802d670f58b279b0bece00e9a872d",
                "sha256:e439798f819d49ba1c0bd9664427a05aab79bfba777a6db94fd4e56fae0cb849",
                "sha256:f586c26118bc6e714ec58c09df0157fe2d9ee195c764f630eb0d8e7ccce72e69",
                "sha256:f6fe02afde060bbeef044af7996f335fbe90b039ccf3f5eb8f16df8b20f77666"
            ],
            "index": "pypi",
            "version": "==22.6.0"
        },
        "click": {
            "hashes": [
                "sha256:7682dc8afb30297001674575ea00d1814d808d6a36af415a82bd481d37ba7b8e",
                "sha256:bb4d8133cb15a609f44e8213d9b391b0809795062913b383c62be0ee95b1db48"
            ],
            "markers": "python_version >= '3.7'",
            "version": "==8.1.3"
        },
        "iniconfig": {
            "hashes": [
                "sha256:011e24c64b7f47f6ebd835bb12a743f2fbe9a26d4cecaa7f53bc4f35ee9da8b3",
                "sha256:bc3af051d7d14b2ee5ef9969666def0cd1a000e121eaea580d4a313df4b37f32"
            ],
            "version": "==1.1.1"
        },
        "mypy-extensions": {
            "hashes": [
                "sha256:090fedd75945a69ae91ce1303b5824f428daf5a028d2f6ab8a299250a846f15d",
                "sha256:2d82818f5bb3e369420cb3c4060a7970edba416647068eb4c5343488a6c604a8"
            ],
            "version": "==0.4.3"
        },
        "packaging": {
            "hashes": [
                "sha256:dd47c42927d89ab911e606518907cc2d3a1f38bbd026385970643f9c5b8ecfeb",
                "sha256:ef103e05f519cdc783ae24ea4e2e0f508a9c99b2d4969652eed6a2e1ea5bd522"
            ],
            "markers": "python_version >= '3.6'",
            "version": "==21.3"
        },
        "pathspec": {
            "hashes": [
                "sha256:7d15c4ddb0b5c802d161efc417ec1a2558ea2653c2e8ad9c19098201dc1c993a",
                "sha256:e564499435a2673d586f6b2130bb5b95f04a3ba06f81b8f895b651a3c76aabb1"
            ],
            "version": "==0.9.0"
        },
        "platformdirs": {
            "hashes": [
                "sha256:027d8e83a2d7de06bbac4e5ef7e023c02b863d7ea5d079477e722bb41ab25788",
                "sha256:58c8abb07dcb441e6ee4b11d8df0ac856038f944ab98b7be6b27b2a3c7feef19"
            ],
            "markers": "python_version >= '3.7'",
            "version": "==2.5.2"
        },
        "pluggy": {
            "hashes": [
                "sha256:4224373bacce55f955a878bf9cfa763c1e360858e330072059e10bad68531159",
                "sha256:74134bbf457f031a36d68416e1509f34bd5ccc019f0bcc952c7b909d06b37bd3"
            ],
            "markers": "python_version >= '3.6'",
            "version": "==1.0.0"
        },
        "py": {
            "hashes": [
                "sha256:51c75c4126074b472f746a24399ad32f6053d1b34b68d2fa41e558e6f4a98719",
                "sha256:607c53218732647dff4acdfcd50cb62615cedf612e72d1724fb1a0cc6405b378"
            ],
            "markers": "python_version >= '2.7' and python_version not in '3.0, 3.1, 3.2, 3.3, 3.4'",
            "version": "==1.11.0"
        },
        "pyparsing": {
            "hashes": [
                "sha256:2b020ecf7d21b687f219b71ecad3631f644a47f01403fa1d1036b0c6416d70fb",
                "sha256:5026bae9a10eeaefb61dab2f09052b9f4307d44aee4eda64b309723d8d206bbc"
            ],
            "markers": "python_full_version >= '3.6.8'",
            "version": "==3.0.9"
        },
        "pytest": {
            "hashes": [
                "sha256:13d0e3ccfc2b6e26be000cb6568c832ba67ba32e719443bfe725814d3c42433c",
                "sha256:a06a0425453864a270bc45e71f783330a7428defb4230fb5e6a731fde06ecd45"
            ],
            "markers": "python_version >= '3.7'",
            "version": "==7.1.2"
        },
        "setuptools": {
            "hashes": [
                "sha256:7c7854ee1429a240090297628dc9f75b35318d193537968e2dc14010ee2f5bca",
                "sha256:dc2662692f47d99cb8ae15a784529adeed535bcd7c277fee0beccf961522baf6"
            ],
            "index": "pypi",
            "version": "==63.4.1"
        },
        "tomli": {
            "hashes": [
                "sha256:939de3e7a6161af0c887ef91b7d41a53e7c5a1ca976325f429cb46ea9bc30ecc",
                "sha256:de526c12914f0c550d15924c62d72abc48d6fe7364aa87328337a31007fe8a4f"
            ],
            "markers": "python_version < '3.11'",
            "version": "==2.0.1"
        },
        "typing-extensions": {
            "hashes": [
                "sha256:25642c956049920a5aa49edcdd6ab1e06d7e5d467fc00e0506c44ac86fbfca02",
                "sha256:e6d2677a32f47fc7eb2795db1dd15c1f34eff616bcaf2cfb5e997f854fa1c4a6"
            ],
            "markers": "python_version < '3.10'",
            "version": "==4.3.0"
        }
    }
}
